
Microsoft Visual Studio Solution File, Format Version 12.00
# Visual Studio Version 17
VisualStudioVersion = 17.7.34031.279
MinimumVisualStudioVersion = 10.0.40219.1
Project("{FAE04EC0-301F-11D3-BF4B-00C04F79EFBC}") = "MUD_server", "MUD_server.csproj", "{75794DD8-56E2-4269-9F86-11A86EB8AB92}"
EndProject
Global
	GlobalSection(SolutionConfigurationPlatforms) = preSolution
		Debug|Any CPU = Debug|Any CPU
		Release|Any CPU = Release|Any CPU
	EndGlobalSection
	GlobalSection(ProjectConfigurationPlatforms) = postSolution
		{75794DD8-56E2-4269-9F86-11A86EB8AB92}.Debug|Any CPU.ActiveCfg = Debug|Any CPU
		{75794DD8-56E2-4269-9F86-11A86EB8AB92}.Debug|Any CPU.Build.0 = Debug|Any CPU
		{75794DD8-56E2-4269-9F86-11A86EB8AB92}.Release|Any CPU.ActiveCfg = Release|Any CPU
		{75794DD8-56E2-4269-9F86-11A86EB8AB92}.Release|Any CPU.Build.0 = Release|Any CPU
	EndGlobalSection
	GlobalSection(SolutionProperties) = preSolution
		HideSolutionNode = FALSE
	EndGlobalSection
	GlobalSection(ExtensibilityGlobals) = postSolution
		SolutionGuid = {7A4A5AA4-4667-4917-8921-BF985525A5BE}
	EndGlobalSection
EndGlobal
